
Microsoft Visual Studio Solution File, Format Version 12.00
# Visual Studio Version 16
VisualStudioVersion = 16.0.30907.101
MinimumVisualStudioVersion = 10.0.40219.1
Project("{9A19103F-16F7-4668-BE54-9A1E7A4F7556}") = "Pomorillo.Presentation.WPF", "Pomorillo.Presentation.WPF\Pomorillo.Presentation.WPF.csproj", "{97251BB4-CF58-4993-A011-B0CCFA7AD485}"
EndProject
Project("{9A19103F-16F7-4668-BE54-9A1E7A4F7556}") = "Pomorillo.Domain", "Pomorillo.Domain\Pomorillo.Domain.csproj", "{BE3C74EF-7A08-485A-85A7-6E511560238C}"
EndProject
Project("{9A19103F-16F7-4668-BE54-9A1E7A4F7556}") = "Pomorillo.Application", "Pomorillo.Application\Pomorillo.Application.csproj", "{47F3A422-CFF1-4DC7-B564-9218BBE18CDA}"
EndProject
Project("{2150E333-8FDC-42A3-9474-1A3956D46DE8}") = "App", "App", "{BE2560BF-2B8B-43BC-A678-62DEECCC9700}"
EndProject
Project("{FAE04EC0-301F-11D3-BF4B-00C04F79EFBC}") = "Pomorillo.Application.Dtos", "Pomorillo.Application.Dtos\Pomorillo.Application.Dtos.csproj", "{4D040806-C7B1-4B75-8772-2FF325C16FDD}"
EndProject
Global
	GlobalSection(SolutionConfigurationPlatforms) = preSolution
		Debug|Any CPU = Debug|Any CPU
		Release|Any CPU = Release|Any CPU
	EndGlobalSection
	GlobalSection(ProjectConfigurationPlatforms) = postSolution
		{97251BB4-CF58-4993-A011-B0CCFA7AD485}.Debug|Any CPU.ActiveCfg = Debug|Any CPU
		{97251BB4-CF58-4993-A011-B0CCFA7AD485}.Debug|Any CPU.Build.0 = Debug|Any CPU
		{97251BB4-CF58-4993-A011-B0CCFA7AD485}.Release|Any CPU.ActiveCfg = Release|Any CPU
		{97251BB4-CF58-4993-A011-B0CCFA7AD485}.Release|Any CPU.Build.0 = Release|Any CPU
		{BE3C74EF-7A08-485A-85A7-6E511560238C}.Debug|Any CPU.ActiveCfg = Debug|Any CPU
		{BE3C74EF-7A08-485A-85A7-6E511560238C}.Debug|Any CPU.Build.0 = Debug|Any CPU
		{BE3C74EF-7A08-485A-85A7-6E511560238C}.Release|Any CPU.ActiveCfg = Release|Any CPU
		{BE3C74EF-7A08-485A-85A7-6E511560238C}.Release|Any CPU.Build.0 = Release|Any CPU
		{47F3A422-CFF1-4DC7-B564-9218BBE18CDA}.Debug|Any CPU.ActiveCfg = Debug|Any CPU
		{47F3A422-CFF1-4DC7-B564-9218BBE18CDA}.Debug|Any CPU.Build.0 = Debug|Any CPU
		{47F3A422-CFF1-4DC7-B564-9218BBE18CDA}.Release|Any CPU.ActiveCfg = Release|Any CPU
		{47F3A422-CFF1-4DC7-B564-9218BBE18CDA}.Release|Any CPU.Build.0 = Release|Any CPU
		{4D040806-C7B1-4B75-8772-2FF325C16FDD}.Debug|Any CPU.ActiveCfg = Debug|Any CPU
		{4D040806-C7B1-4B75-8772-2FF325C16FDD}.Debug|Any CPU.Build.0 = Debug|Any CPU
		{4D040806-C7B1-4B75-8772-2FF325C16FDD}.Release|Any CPU.ActiveCfg = Release|Any CPU
		{4D040806-C7B1-4B75-8772-2FF325C16FDD}.Release|Any CPU.Build.0 = Release|Any CPU
	EndGlobalSection
	GlobalSection(SolutionProperties) = preSolution
		HideSolutionNode = FALSE
	EndGlobalSection
	GlobalSection(NestedProjects) = preSolution
		{97251BB4-CF58-4993-A011-B0CCFA7AD485} = {BE2560BF-2B8B-43BC-A678-62DEECCC9700}
		{BE3C74EF-7A08-485A-85A7-6E511560238C} = {BE2560BF-2B8B-43BC-A678-62DEECCC9700}
		{47F3A422-CFF1-4DC7-B564-9218BBE18CDA} = {BE2560BF-2B8B-43BC-A678-62DEECCC9700}
		{4D040806-C7B1-4B75-8772-2FF325C16FDD} = {BE2560BF-2B8B-43BC-A678-62DEECCC9700}
	EndGlobalSection
	GlobalSection(ExtensibilityGlobals) = postSolution
		SolutionGuid = {24ECE755-0961-49C2-8EAD-48665F5E3C5A}
	EndGlobalSection
EndGlobal
