
Microsoft Visual Studio Solution File, Format Version 12.00
# Visual Studio Version 16
VisualStudioVersion = 16.0.30907.101
MinimumVisualStudioVersion = 10.0.40219.1
Project("{2150E333-8FDC-42A3-9474-1A3956D46DE8}") = "Application", "Application", "{4FDA10FE-654E-429A-B39F-1D4D34B5FBF2}"
EndProject
Project("{9A19103F-16F7-4668-BE54-9A1E7A4F7556}") = "Pomorillo.WPFApplication", "Pomorillo.WPFApplication\Pomorillo.WPFApplication.csproj", "{63D62387-C140-4395-BBC6-3E347C656E6B}"
EndProject
Global
	GlobalSection(SolutionConfigurationPlatforms) = preSolution
		Debug|Any CPU = Debug|Any CPU
		Release|Any CPU = Release|Any CPU
	EndGlobalSection
	GlobalSection(ProjectConfigurationPlatforms) = postSolution
		{63D62387-C140-4395-BBC6-3E347C656E6B}.Debug|Any CPU.ActiveCfg = Debug|Any CPU
		{63D62387-C140-4395-BBC6-3E347C656E6B}.Debug|Any CPU.Build.0 = Debug|Any CPU
		{63D62387-C140-4395-BBC6-3E347C656E6B}.Release|Any CPU.ActiveCfg = Release|Any CPU
		{63D62387-C140-4395-BBC6-3E347C656E6B}.Release|Any CPU.Build.0 = Release|Any CPU
	EndGlobalSection
	GlobalSection(SolutionProperties) = preSolution
		HideSolutionNode = FALSE
	EndGlobalSection
	GlobalSection(NestedProjects) = preSolution
		{63D62387-C140-4395-BBC6-3E347C656E6B} = {4FDA10FE-654E-429A-B39F-1D4D34B5FBF2}
	EndGlobalSection
	GlobalSection(ExtensibilityGlobals) = postSolution
		SolutionGuid = {24ECE755-0961-49C2-8EAD-48665F5E3C5A}
	EndGlobalSection
EndGlobal
